
Microsoft Visual Studio Solution File, Format Version 12.00
# Visual Studio Version 17
VisualStudioVersion = 17.0.31903.59
MinimumVisualStudioVersion = 10.0.40219.1
Project("{FAE04EC0-301F-11D3-BF4B-00C04F79EFBC}") = "WebApp", "WebApp\WebApp.csproj", "{936E9F0A-71C1-4DD6-A9DF-7C4C465DDE34}"
EndProject
Project("{FAE04EC0-301F-11D3-BF4B-00C04F79EFBC}") = "UnitTests", "UnitTests\UnitTests.csproj", "{7BC92103-02D0-4652-A424-E74F8206D44D}"
EndProject
Global
	GlobalSection(SolutionConfigurationPlatforms) = preSolution
		Debug|Any CPU = Debug|Any CPU
		Release|Any CPU = Release|Any CPU
	EndGlobalSection
	GlobalSection(SolutionProperties) = preSolution
		HideSolutionNode = FALSE
	EndGlobalSection
	GlobalSection(ProjectConfigurationPlatforms) = postSolution
		{936E9F0A-71C1-4DD6-A9DF-7C4C465DDE34}.Debug|Any CPU.ActiveCfg = Debug|Any CPU
		{936E9F0A-71C1-4DD6-A9DF-7C4C465DDE34}.Debug|Any CPU.Build.0 = Debug|Any CPU
		{936E9F0A-71C1-4DD6-A9DF-7C4C465DDE34}.Release|Any CPU.ActiveCfg = Release|Any CPU
		{936E9F0A-71C1-4DD6-A9DF-7C4C465DDE34}.Release|Any CPU.Build.0 = Release|Any CPU
		{7BC92103-02D0-4652-A424-E74F8206D44D}.Debug|Any CPU.ActiveCfg = Debug|Any CPU
		{7BC92103-02D0-4652-A424-E74F8206D44D}.Debug|Any CPU.Build.0 = Debug|Any CPU
		{7BC92103-02D0-4652-A424-E74F8206D44D}.Release|Any CPU.ActiveCfg = Release|Any CPU
		{7BC92103-02D0-4652-A424-E74F8206D44D}.Release|Any CPU.Build.0 = Release|Any CPU
	EndGlobalSection
EndGlobal
